
Microsoft Visual Studio Solution File, Format Version 12.00
# Visual Studio 15
VisualStudioVersion = 15.0.28307.572
MinimumVisualStudioVersion = 10.0.40219.1
Project("{FAE04EC0-301F-11D3-BF4B-00C04F79EFBC}") = "CopyDatabase", "CopyDatabase.csproj", "{819E17D3-B470-481A-ADA0-8EDC8113AA2A}"
EndProject
Global
	GlobalSection(SolutionConfigurationPlatforms) = preSolution
		CopyDatabase Debug|Any CPU = CopyDatabase Debug|Any CPU
		CopyDatabase Release|Any CPU = CopyDatabase Release|Any CPU
		Debug|Any CPU = Debug|Any CPU
		Release|Any CPU = Release|Any CPU
	EndGlobalSection
	GlobalSection(ProjectConfigurationPlatforms) = postSolution
		{819E17D3-B470-481A-ADA0-8EDC8113AA2A}.CopyDatabase Debug|Any CPU.ActiveCfg = CopyDatabase Debug|Any CPU
		{819E17D3-B470-481A-ADA0-8EDC8113AA2A}.CopyDatabase Debug|Any CPU.Build.0 = CopyDatabase Debug|Any CPU
		{819E17D3-B470-481A-ADA0-8EDC8113AA2A}.CopyDatabase Release|Any CPU.ActiveCfg = CopyDatabase Release|Any CPU
		{819E17D3-B470-481A-ADA0-8EDC8113AA2A}.CopyDatabase Release|Any CPU.Build.0 = CopyDatabase Release|Any CPU
		{819E17D3-B470-481A-ADA0-8EDC8113AA2A}.Debug|Any CPU.ActiveCfg = Debug|Any CPU
		{819E17D3-B470-481A-ADA0-8EDC8113AA2A}.Debug|Any CPU.Build.0 = Debug|Any CPU
		{819E17D3-B470-481A-ADA0-8EDC8113AA2A}.Release|Any CPU.ActiveCfg = Release|Any CPU
		{819E17D3-B470-481A-ADA0-8EDC8113AA2A}.Release|Any CPU.Build.0 = Release|Any CPU
	EndGlobalSection
	GlobalSection(SolutionProperties) = preSolution
		HideSolutionNode = FALSE
	EndGlobalSection
	GlobalSection(ExtensibilityGlobals) = postSolution
		SolutionGuid = {D32534D4-5675-4096-8E7D-B83E7107E53B}
	EndGlobalSection
EndGlobal
